
Microsoft Visual Studio Solution File, Format Version 12.00
# Visual Studio Version 17
VisualStudioVersion = 17.4.33213.308
MinimumVisualStudioVersion = 10.0.40219.1
Project("{9A19103F-16F7-4668-BE54-9A1E7A4F7556}") = "Raeffs.ActivityBridge", "Raeffs.ActivityBridge\Raeffs.ActivityBridge.csproj", "{F7E09E1D-F957-4703-A0F7-289831965DEF}"
EndProject
Project("{9A19103F-16F7-4668-BE54-9A1E7A4F7556}") = "Raeffs.ActivityBridge.Api", "Raeffs.ActivityBridge.Api\Raeffs.ActivityBridge.Api.csproj", "{6285666B-5ACB-41AA-ABA0-F44D64D72BA2}"
EndProject
Project("{9A19103F-16F7-4668-BE54-9A1E7A4F7556}") = "Raeffs.ActivityBridge.Contract", "Raeffs.ActivityBridge.Contract\Raeffs.ActivityBridge.Contract.csproj", "{C27C9872-3FAF-4089-8447-282C2C859C75}"
EndProject
Project("{9A19103F-16F7-4668-BE54-9A1E7A4F7556}") = "Raeffs.ActivityBridge.Domain", "Raeffs.ActivityBridge.Domain\Raeffs.ActivityBridge.Domain.csproj", "{9D9B9C00-0AC9-4744-936B-95F762865485}"
EndProject
Project("{FAE04EC0-301F-11D3-BF4B-00C04F79EFBC}") = "Raeffs.ActivityBridge.Database", "Raeffs.ActivityBridge.Database\Raeffs.ActivityBridge.Database.csproj", "{FE85621C-8BE4-46CB-8C44-A317BF9D1C44}"
EndProject
Global
	GlobalSection(SolutionConfigurationPlatforms) = preSolution
		Debug|Any CPU = Debug|Any CPU
		Release|Any CPU = Release|Any CPU
	EndGlobalSection
	GlobalSection(ProjectConfigurationPlatforms) = postSolution
		{F7E09E1D-F957-4703-A0F7-289831965DEF}.Debug|Any CPU.ActiveCfg = Debug|Any CPU
		{F7E09E1D-F957-4703-A0F7-289831965DEF}.Debug|Any CPU.Build.0 = Debug|Any CPU
		{F7E09E1D-F957-4703-A0F7-289831965DEF}.Release|Any CPU.ActiveCfg = Release|Any CPU
		{F7E09E1D-F957-4703-A0F7-289831965DEF}.Release|Any CPU.Build.0 = Release|Any CPU
		{6285666B-5ACB-41AA-ABA0-F44D64D72BA2}.Debug|Any CPU.ActiveCfg = Debug|Any CPU
		{6285666B-5ACB-41AA-ABA0-F44D64D72BA2}.Debug|Any CPU.Build.0 = Debug|Any CPU
		{6285666B-5ACB-41AA-ABA0-F44D64D72BA2}.Release|Any CPU.ActiveCfg = Release|Any CPU
		{6285666B-5ACB-41AA-ABA0-F44D64D72BA2}.Release|Any CPU.Build.0 = Release|Any CPU
		{C27C9872-3FAF-4089-8447-282C2C859C75}.Debug|Any CPU.ActiveCfg = Debug|Any CPU
		{C27C9872-3FAF-4089-8447-282C2C859C75}.Debug|Any CPU.Build.0 = Debug|Any CPU
		{C27C9872-3FAF-4089-8447-282C2C859C75}.Release|Any CPU.ActiveCfg = Release|Any CPU
		{C27C9872-3FAF-4089-8447-282C2C859C75}.Release|Any CPU.Build.0 = Release|Any CPU
		{9D9B9C00-0AC9-4744-936B-95F762865485}.Debug|Any CPU.ActiveCfg = Debug|Any CPU
		{9D9B9C00-0AC9-4744-936B-95F762865485}.Debug|Any CPU.Build.0 = Debug|Any CPU
		{9D9B9C00-0AC9-4744-936B-95F762865485}.Release|Any CPU.ActiveCfg = Release|Any CPU
		{9D9B9C00-0AC9-4744-936B-95F762865485}.Release|Any CPU.Build.0 = Release|Any CPU
		{FE85621C-8BE4-46CB-8C44-A317BF9D1C44}.Debug|Any CPU.ActiveCfg = Debug|Any CPU
		{FE85621C-8BE4-46CB-8C44-A317BF9D1C44}.Debug|Any CPU.Build.0 = Debug|Any CPU
		{FE85621C-8BE4-46CB-8C44-A317BF9D1C44}.Release|Any CPU.ActiveCfg = Release|Any CPU
		{FE85621C-8BE4-46CB-8C44-A317BF9D1C44}.Release|Any CPU.Build.0 = Release|Any CPU
	EndGlobalSection
	GlobalSection(SolutionProperties) = preSolution
		HideSolutionNode = FALSE
	EndGlobalSection
	GlobalSection(ExtensibilityGlobals) = postSolution
		SolutionGuid = {427E018C-E3B2-4DDC-8433-53ACF7FD46AE}
	EndGlobalSection
EndGlobal
